
Microsoft Visual Studio Solution File, Format Version 12.00
# Visual Studio Version 17
VisualStudioVersion = 17.4.33213.308
MinimumVisualStudioVersion = 10.0.40219.1
Project("{FAE04EC0-301F-11D3-BF4B-00C04F79EFBC}") = "ClientApp", "ClientApp\ClientApp.csproj", "{ED1CAEA5-12BF-4061-8768-CA4E345A739C}"
EndProject
Global
	GlobalSection(SolutionConfigurationPlatforms) = preSolution
		Debug|Any CPU = Debug|Any CPU
		Release|Any CPU = Release|Any CPU
	EndGlobalSection
	GlobalSection(ProjectConfigurationPlatforms) = postSolution
		{ED1CAEA5-12BF-4061-8768-CA4E345A739C}.Debug|Any CPU.ActiveCfg = Debug|Any CPU
		{ED1CAEA5-12BF-4061-8768-CA4E345A739C}.Debug|Any CPU.Build.0 = Debug|Any CPU
		{ED1CAEA5-12BF-4061-8768-CA4E345A739C}.Release|Any CPU.ActiveCfg = Release|Any CPU
		{ED1CAEA5-12BF-4061-8768-CA4E345A739C}.Release|Any CPU.Build.0 = Release|Any CPU
	EndGlobalSection
	GlobalSection(SolutionProperties) = preSolution
		HideSolutionNode = FALSE
	EndGlobalSection
	GlobalSection(ExtensibilityGlobals) = postSolution
		SolutionGuid = {EE4A7EEC-3DAF-469D-9A3B-9013E0CD384A}
	EndGlobalSection
EndGlobal
